
Microsoft Visual Studio Solution File, Format Version 12.00
# Visual Studio Version 16
VisualStudioVersion = 16.0.33027.164
MinimumVisualStudioVersion = 10.0.40219.1
Project("{FAE04EC0-301F-11D3-BF4B-00C04F79EFBC}") = "WinFormsApp1", "WinFormsApp1\WinFormsApp1.csproj", "{9168622E-8682-4C66-B2DC-9D4F3C8D9089}"
EndProject
Global
	GlobalSection(SolutionConfigurationPlatforms) = preSolution
		Debug|Any CPU = Debug|Any CPU
		Release|Any CPU = Release|Any CPU
	EndGlobalSection
	GlobalSection(ProjectConfigurationPlatforms) = postSolution
		{9168622E-8682-4C66-B2DC-9D4F3C8D9089}.Debug|Any CPU.ActiveCfg = Debug|Any CPU
		{9168622E-8682-4C66-B2DC-9D4F3C8D9089}.Debug|Any CPU.Build.0 = Debug|Any CPU
		{9168622E-8682-4C66-B2DC-9D4F3C8D9089}.Release|Any CPU.ActiveCfg = Release|Any CPU
		{9168622E-8682-4C66-B2DC-9D4F3C8D9089}.Release|Any CPU.Build.0 = Release|Any CPU
	EndGlobalSection
	GlobalSection(SolutionProperties) = preSolution
		HideSolutionNode = FALSE
	EndGlobalSection
	GlobalSection(ExtensibilityGlobals) = postSolution
		SolutionGuid = {292A8FDF-913E-4721-BC05-18A2BE15EAA4}
	EndGlobalSection
EndGlobal
